// !$*UTF8*$!
{
	archiveVersion = 1;
	classes = {
	};
	objectVersion = 56;
	objects = {

/* Begin PBXBuildFile section */
		2327138F2A602FF800B13553 /* testRealmDBApp.swift in Sources */ = {isa = PBXBuildFile; fileRef = 2327138E2A602FF800B13553 /* testRealmDBApp.swift */; };
		232713912A602FF800B13553 /* ContentView.swift in Sources */ = {isa = PBXBuildFile; fileRef = 232713902A602FF800B13553 /* ContentView.swift */; };
		232713932A602FF900B13553 /* Assets.xcassets in Resources */ = {isa = PBXBuildFile; fileRef = 232713922A602FF900B13553 /* Assets.xcassets */; };
		232713962A602FF900B13553 /* Preview Assets.xcassets in Resources */ = {isa = PBXBuildFile; fileRef = 232713952A602FF900B13553 /* Preview Assets.xcassets */; };
		232713A02A602FFA00B13553 /* testRealmDBTests.swift in Sources */ = {isa = PBXBuildFile; fileRef = 2327139F2A602FFA00B13553 /* testRealmDBTests.swift */; };
		232713AA2A602FFA00B13553 /* testRealmDBUITests.swift in Sources */ = {isa = PBXBuildFile; fileRef = 232713A92A602FFA00B13553 /* testRealmDBUITests.swift */; };
		232713AC2A602FFA00B13553 /* testRealmDBUITestsLaunchTests.swift in Sources */ = {isa = PBXBuildFile; fileRef = 232713AB2A602FFA00B13553 /* testRealmDBUITestsLaunchTests.swift */; };
/* End PBXBuildFile section */

/* Begin PBXContainerItemProxy section */
		2327139C2A602FFA00B13553 /* PBXContainerItemProxy */ = {
			isa = PBXContainerItemProxy;
			containerPortal = 232713832A602FF800B13553 /* Project object */;
			proxyType = 1;
			remoteGlobalIDString = 2327138A2A602FF800B13553;
			remoteInfo = testRealmDB;
		};
		232713A62A602FFA00B13553 /* PBXContainerItemProxy */ = {
			isa = PBXContainerItemProxy;
			containerPortal = 232713832A602FF800B13553 /* Project object */;
			proxyType = 1;
			remoteGlobalIDString = 2327138A2A602FF800B13553;
			remoteInfo = testRealmDB;
		};
/* End PBXContainerItemProxy section */

/* Begin PBXFileReference section */
		2327138B2A602FF800B13553 /* testRealmDB.app */ = {isa = PBXFileReference; explicitFileType = wrapper.application; includeInIndex = 0; path = testRealmDB.app; sourceTree = BUILT_PRODUCTS_DIR; };
		2327138E2A602FF800B13553 /* testRealmDBApp.swift */ = {isa = PBXFileReference; lastKnownFileType = sourcecode.swift; path = testRealmDBApp.swift; sourceTree = "<group>"; };
		232713902A602FF800B13553 /* ContentView.swift */ = {isa = PBXFileReference; lastKnownFileType = sourcecode.swift; path = ContentView.swift; sourceTree = "<group>"; };
		232713922A602FF900B13553 /* Assets.xcassets */ = {isa = PBXFileReference; lastKnownFileType = folder.assetcatalog; path = Assets.xcassets; sourceTree = "<group>"; };
		232713952A602FF900B13553 /* Preview Assets.xcassets */ = {isa = PBXFileReference; lastKnownFileType = folder.assetcatalog; path = "Preview Assets.xcassets"; sourceTree = "<group>"; };
		2327139B2A602FFA00B13553 /* testRealmDBTests.xctest */ = {isa = PBXFileReference; explicitFileType = wrapper.cfbundle; includeInIndex = 0; path = testRealmDBTests.xctest; sourceTree = BUILT_PRODUCTS_DIR; };
		2327139F2A602FFA00B13553 /* testRealmDBTests.swift */ = {isa = PBXFileReference; lastKnownFileType = sourcecode.swift; path = testRealmDBTests.swift; sourceTree = "<group>"; };
		232713A52A602FFA00B13553 /* testRealmDBUITests.xctest */ = {isa = PBXFileReference; explicitFileType = wrapper.cfbundle; includeInIndex = 0; path = testRealmDBUITests.xctest; sourceTree = BUILT_PRODUCTS_DIR; };
		232713A92A602FFA00B13553 /* testRealmDBUITests.swift */ = {isa = PBXFileReference; lastKnownFileType = sourcecode.swift; path = testRealmDBUITests.swift; sourceTree = "<group>"; };
		232713AB2A602FFA00B13553 /* testRealmDBUITestsLaunchTests.swift */ = {isa = PBXFileReference; lastKnownFileType = sourcecode.swift; path = testRealmDBUITestsLaunchTests.swift; sourceTree = "<group>"; };
/* End PBXFileReference section */

/* Begin PBXFrameworksBuildPhase section */
		232713882A602FF800B13553 /* Frameworks */ = {
			isa = PBXFrameworksBuildPhase;
			buildActionMask = 2147483647;
			files = (
			);
			runOnlyForDeploymentPostprocessing = 0;
		};
		232713982A602FFA00B13553 /* Frameworks */ = {
			isa = PBXFrameworksBuildPhase;
			buildActionMask = 2147483647;
			files = (
			);
			runOnlyForDeploymentPostprocessing = 0;
		};
		232713A22A602FFA00B13553 /* Frameworks */ = {
			isa = PBXFrameworksBuildPhase;
			buildActionMask = 2147483647;
			files = (
			);
			runOnlyForDeploymentPostprocessing = 0;
		};
/* End PBXFrameworksBuildPhase section */

/* Begin PBXGroup section */
		232713822A602FF800B13553 = {
			isa = PBXGroup;
			children = (
				2327138D2A602FF800B13553 /* testRealmDB */,
				2327139E2A602FFA00B13553 /* testRealmDBTests */,
				232713A82A602FFA00B13553 /* testRealmDBUITests */,
				2327138C2A602FF800B13553 /* Products */,
			);
			sourceTree = "<group>";
		};
		2327138C2A602FF800B13553 /* Products */ = {
			isa = PBXGroup;
			children = (
				2327138B2A602FF800B13553 /* testRealmDB.app */,
				2327139B2A602FFA00B13553 /* testRealmDBTests.xctest */,
				232713A52A602FFA00B13553 /* testRealmDBUITests.xctest */,
			);
			name = Products;
			sourceTree = "<group>";
		};
		2327138D2A602FF800B13553 /* testRealmDB */ = {
			isa = PBXGroup;
			children = (
				2327138E2A602FF800B13553 /* testRealmDBApp.swift */,
				232713902A602FF800B13553 /* ContentView.swift */,
				232713922A602FF900B13553 /* Assets.xcassets */,
				232713942A602FF900B13553 /* Preview Content */,
			);
			path = testRealmDB;
			sourceTree = "<group>";
		};
		232713942A602FF900B13553 /* Preview Content */ = {
			isa = PBXGroup;
			children = (
				232713952A602FF900B13553 /* Preview Assets.xcassets */,
			);
			path = "Preview Content";
			sourceTree = "<group>";
		};
		2327139E2A602FFA00B13553 /* testRealmDBTests */ = {
			isa = PBXGroup;
			children = (
				2327139F2A602FFA00B13553 /* testRealmDBTests.swift */,
			);
			path = testRealmDBTests;
			sourceTree = "<group>";
		};
		232713A82A602FFA00B13553 /* testRealmDBUITests */ = {
			isa = PBXGroup;
			children = (
				232713A92A602FFA00B13553 /* testRealmDBUITests.swift */,
				232713AB2A602FFA00B13553 /* testRealmDBUITestsLaunchTests.swift */,
			);
			path = testRealmDBUITests;
			sourceTree = "<group>";
		};
/* End PBXGroup section */

/* Begin PBXNativeTarget section */
		2327138A2A602FF800B13553 /* testRealmDB */ = {
			isa = PBXNativeTarget;
			buildConfigurationList = 232713AF2A602FFA00B13553 /* Build configuration list for PBXNativeTarget "testRealmDB" */;
			buildPhases = (
				232713872A602FF800B13553 /* Sources */,
				232713882A602FF800B13553 /* Frameworks */,
				232713892A602FF800B13553 /* Resources */,
			);
			buildRules = (
			);
			dependencies = (
			);
			name = testRealmDB;
			productName = testRealmDB;
			productReference = 2327138B2A602FF800B13553 /* testRealmDB.app */;
			productType = "com.apple.product-type.application";
		};
		2327139A2A602FFA00B13553 /* testRealmDBTests */ = {
			isa = PBXNativeTarget;
			buildConfigurationList = 232713B22A602FFA00B13553 /* Build configuration list for PBXNativeTarget "testRealmDBTests" */;
			buildPhases = (
				232713972A602FFA00B13553 /* Sources */,
				232713982A602FFA00B13553 /* Frameworks */,
				232713992A602FFA00B13553 /* Resources */,
			);
			buildRules = (
			);
			dependencies = (
				2327139D2A602FFA00B13553 /* PBXTargetDependency */,
			);
			name = testRealmDBTests;
			productName = testRealmDBTests;
			productReference = 2327139B2A602FFA00B13553 /* testRealmDBTests.xctest */;
			productType = "com.apple.product-type.bundle.unit-test";
		};
		232713A42A602FFA00B13553 /* testRealmDBUITests */ = {
			isa = PBXNativeTarget;
			buildConfigurationList = 232713B52A602FFA00B13553 /* Build configuration list for PBXNativeTarget "testRealmDBUITests" */;
			buildPhases = (
				232713A12A602FFA00B13553 /* Sources */,
				232713A22A602FFA00B13553 /* Frameworks */,
				232713A32A602FFA00B13553 /* Resources */,
			);
			buildRules = (
			);
			dependencies = (
				232713A72A602FFA00B13553 /* PBXTargetDependency */,
			);
			name = testRealmDBUITests;
			productName = testRealmDBUITests;
			productReference = 232713A52A602FFA00B13553 /* testRealmDBUITests.xctest */;
			productType = "com.apple.product-type.bundle.ui-testing";
		};
/* End PBXNativeTarget section */

/* Begin PBXProject section */
		232713832A602FF800B13553 /* Project object */ = {
			isa = PBXProject;
			attributes = {
				BuildIndependentTargetsInParallel = 1;
				LastSwiftUpdateCheck = 1430;
				LastUpgradeCheck = 1430;
				TargetAttributes = {
					2327138A2A602FF800B13553 = {
						CreatedOnToolsVersion = 14.3.1;
					};
					2327139A2A602FFA00B13553 = {
						CreatedOnToolsVersion = 14.3.1;
						TestTargetID = 2327138A2A602FF800B13553;
					};
					232713A42A602FFA00B13553 = {
						CreatedOnToolsVersion = 14.3.1;
						TestTargetID = 2327138A2A602FF800B13553;
					};
				};
			};
			buildConfigurationList = 232713862A602FF800B13553 /* Build configuration list for PBXProject "testRealmDB" */;
			compatibilityVersion = "Xcode 14.0";
			developmentRegion = en;
			hasScannedForEncodings = 0;
			knownRegions = (
				en,
				Base,
			);
			mainGroup = 232713822A602FF800B13553;
			productRefGroup = 2327138C2A602FF800B13553 /* Products */;
			projectDirPath = "";
			projectRoot = "";
			targets = (
				2327138A2A602FF800B13553 /* testRealmDB */,
				2327139A2A602FFA00B13553 /* testRealmDBTests */,
				232713A42A602FFA00B13553 /* testRealmDBUITests */,
			);
		};
/* End PBXProject section */

/* Begin PBXResourcesBuildPhase section */
		232713892A602FF800B13553 /* Resources */ = {
			isa = PBXResourcesBuildPhase;
			buildActionMask = 2147483647;
			files = (
				232713962A602FF900B13553 /* Preview Assets.xcassets in Resources */,
				232713932A602FF900B13553 /* Assets.xcassets in Resources */,
			);
			runOnlyForDeploymentPostprocessing = 0;
		};
		232713992A602FFA00B13553 /* Resources */ = {
			isa = PBXResourcesBuildPhase;
			buildActionMask = 2147483647;
			files = (
			);
			runOnlyForDeploymentPostprocessing = 0;
		};
		232713A32A602FFA00B13553 /* Resources */ = {
			isa = PBXResourcesBuildPhase;
			buildActionMask = 2147483647;
			files = (
			);
			runOnlyForDeploymentPostprocessing = 0;
		};
/* End PBXResourcesBuildPhase section */

/* Begin PBXSourcesBuildPhase section */
		232713872A602FF800B13553 /* Sources */ = {
			isa = PBXSourcesBuildPhase;
			buildActionMask = 2147483647;
			files = (
				232713912A602FF800B13553 /* ContentView.swift in Sources */,
				2327138F2A602FF800B13553 /* testRealmDBApp.swift in Sources */,
			);
			runOnlyForDeploymentPostprocessing = 0;
		};
		232713972A602FFA00B13553 /* Sources */ = {
			isa = PBXSourcesBuildPhase;
			buildActionMask = 2147483647;
			files = (
				232713A02A602FFA00B13553 /* testRealmDBTests.swift in Sources */,
			);
			runOnlyForDeploymentPostprocessing = 0;
		};
		232713A12A602FFA00B13553 /* Sources */ = {
			isa = PBXSourcesBuildPhase;
			buildActionMask = 2147483647;
			files = (
				232713AC2A602FFA00B13553 /* testRealmDBUITestsLaunchTests.swift in Sources */,
				232713AA2A602FFA00B13553 /* testRealmDBUITests.swift in Sources */,
			);
			runOnlyForDeploymentPostprocessing = 0;
		};
/* End PBXSourcesBuildPhase section */

/* Begin PBXTargetDependency section */
		2327139D2A602FFA00B13553 /* PBXTargetDependency */ = {
			isa = PBXTargetDependency;
			target = 2327138A2A602FF800B13553 /* testRealmDB */;
			targetProxy = 2327139C2A602FFA00B13553 /* PBXContainerItemProxy */;
		};
		232713A72A602FFA00B13553 /* PBXTargetDependency */ = {
			isa = PBXTargetDependency;
			target = 2327138A2A602FF800B13553 /* testRealmDB */;
			targetProxy = 232713A62A602FFA00B13553 /* PBXContainerItemProxy */;
		};
/* End PBXTargetDependency section */

/* Begin XCBuildConfiguration section */
		232713AD2A602FFA00B13553 /* Debug */ = {
			isa = XCBuildConfiguration;
			buildSettings = {
				ALWAYS_SEARCH_USER_PATHS = NO;
				CLANG_ANALYZER_NONNULL = YES;
				CLANG_ANALYZER_NUMBER_OBJECT_CONVERSION = YES_AGGRESSIVE;
				CLANG_CXX_LANGUAGE_STANDARD = "gnu++20";
				CLANG_ENABLE_MODULES = YES;
				CLANG_ENABLE_OBJC_ARC = YES;
				CLANG_ENABLE_OBJC_WEAK = YES;
				CLANG_WARN_BLOCK_CAPTURE_AUTORELEASING = YES;
				CLANG_WARN_BOOL_CONVERSION = YES;
				CLANG_WARN_COMMA = YES;
				CLANG_WARN_CONSTANT_CONVERSION = YES;
				CLANG_WARN_DEPRECATED_OBJC_IMPLEMENTATIONS = YES;
				CLANG_WARN_DIRECT_OBJC_ISA_USAGE = YES_ERROR;
				CLANG_WARN_DOCUMENTATION_COMMENTS = YES;
				CLANG_WARN_EMPTY_BODY = YES;
				CLANG_WARN_ENUM_CONVERSION = YES;
				CLANG_WARN_INFINITE_RECURSION = YES;
				CLANG_WARN_INT_CONVERSION = YES;
				CLANG_WARN_NON_LITERAL_NULL_CONVERSION = YES;
				CLANG_WARN_OBJC_IMPLICIT_RETAIN_SELF = YES;
				CLANG_WARN_OBJC_LITERAL_CONVERSION = YES;
				CLANG_WARN_OBJC_ROOT_CLASS = YES_ERROR;
				CLANG_WARN_QUOTED_INCLUDE_IN_FRAMEWORK_HEADER = YES;
				CLANG_WARN_RANGE_LOOP_ANALYSIS = YES;
				CLANG_WARN_STRICT_PROTOTYPES = YES;
				CLANG_WARN_SUSPICIOUS_MOVE = YES;
				CLANG_WARN_UNGUARDED_AVAILABILITY = YES_AGGRESSIVE;
				CLANG_WARN_UNREACHABLE_CODE = YES;
				CLANG_WARN__DUPLICATE_METHOD_MATCH = YES;
				COPY_PHASE_STRIP = NO;
				DEBUG_INFORMATION_FORMAT = dwarf;
				ENABLE_STRICT_OBJC_MSGSEND = YES;
				ENABLE_TESTABILITY = YES;
				GCC_C_LANGUAGE_STANDARD = gnu11;
				GCC_DYNAMIC_NO_PIC = NO;
				GCC_NO_COMMON_BLOCKS = YES;
				GCC_OPTIMIZATION_LEVEL = 0;
				GCC_PREPROCESSOR_DEFINITIONS = (
					"DEBUG=1",
					"$(inherited)",
				);
				GCC_WARN_64_TO_32_BIT_CONVERSION = YES;
				GCC_WARN_ABOUT_RETURN_TYPE = YES_ERROR;
				GCC_WARN_UNDECLARED_SELECTOR = YES;
				GCC_WARN_UNINITIALIZED_AUTOS = YES_AGGRESSIVE;
				GCC_WARN_UNUSED_FUNCTION = YES;
				GCC_WARN_UNUSED_VARIABLE = YES;
				IPHONEOS_DEPLOYMENT_TARGET = 16.4;
				MTL_ENABLE_DEBUG_INFO = INCLUDE_SOURCE;
				MTL_FAST_MATH = YES;
				ONLY_ACTIVE_ARCH = YES;
				SDKROOT = iphoneos;
				SWIFT_ACTIVE_COMPILATION_CONDITIONS = DEBUG;
				SWIFT_OPTIMIZATION_LEVEL = "-Onone";
			};
			name = Debug;
		};
		232713AE2A602FFA00B13553 /* Release */ = {
			isa = XCBuildConfiguration;
			buildSettings = {
				ALWAYS_SEARCH_USER_PATHS = NO;
				CLANG_ANALYZER_NONNULL = YES;
				CLANG_ANALYZER_NUMBER_OBJECT_CONVERSION = YES_AGGRESSIVE;
				CLANG_CXX_LANGUAGE_STANDARD = "gnu++20";
				CLANG_ENABLE_MODULES = YES;
				CLANG_ENABLE_OBJC_ARC = YES;
				CLANG_ENABLE_OBJC_WEAK = YES;
				CLANG_WARN_BLOCK_CAPTURE_AUTORELEASING = YES;
				CLANG_WARN_BOOL_CONVERSION = YES;
				CLANG_WARN_COMMA = YES;
				CLANG_WARN_CONSTANT_CONVERSION = YES;
				CLANG_WARN_DEPRECATED_OBJC_IMPLEMENTATIONS = YES;
				CLANG_WARN_DIRECT_OBJC_ISA_USAGE = YES_ERROR;
				CLANG_WARN_DOCUMENTATION_COMMENTS = YES;
				CLANG_WARN_EMPTY_BODY = YES;
				CLANG_WARN_ENUM_CONVERSION = YES;
				CLANG_WARN_INFINITE_RECURSION = YES;
				CLANG_WARN_INT_CONVERSION = YES;
				CLANG_WARN_NON_LITERAL_NULL_CONVERSION = YES;
				CLANG_WARN_OBJC_IMPLICIT_RETAIN_SELF = YES;
				CLANG_WARN_OBJC_LITERAL_CONVERSION = YES;
				CLANG_WARN_OBJC_ROOT_CLASS = YES_ERROR;
				CLANG_WARN_QUOTED_INCLUDE_IN_FRAMEWORK_HEADER = YES;
				CLANG_WARN_RANGE_LOOP_ANALYSIS = YES;
				CLANG_WARN_STRICT_PROTOTYPES = YES;
				CLANG_WARN_SUSPICIOUS_MOVE = YES;
				CLANG_WARN_UNGUARDED_AVAILABILITY = YES_AGGRESSIVE;
				CLANG_WARN_UNREACHABLE_CODE = YES;
				CLANG_WARN__DUPLICATE_METHOD_MATCH = YES;
				COPY_PHASE_STRIP = NO;
				DEBUG_INFORMATION_FORMAT = "dwarf-with-dsym";
				ENABLE_NS_ASSERTIONS = NO;
				ENABLE_STRICT_OBJC_MSGSEND = YES;
				GCC_C_LANGUAGE_STANDARD = gnu11;
				GCC_NO_COMMON_BLOCKS = YES;
				GCC_WARN_64_TO_32_BIT_CONVERSION = YES;
				GCC_WARN_ABOUT_RETURN_TYPE = YES_ERROR;
				GCC_WARN_UNDECLARED_SELECTOR = YES;
				GCC_WARN_UNINITIALIZED_AUTOS = YES_AGGRESSIVE;
				GCC_WARN_UNUSED_FUNCTION = YES;
				GCC_WARN_UNUSED_VARIABLE = YES;
				IPHONEOS_DEPLOYMENT_TARGET = 16.4;
				MTL_ENABLE_DEBUG_INFO = NO;
				MTL_FAST_MATH = YES;
				SDKROOT = iphoneos;
				SWIFT_COMPILATION_MODE = wholemodule;
				SWIFT_OPTIMIZATION_LEVEL = "-O";
				VALIDATE_PRODUCT = YES;
			};
			name = Release;
		};
		232713B02A602FFA00B13553 /* Debug */ = {
			isa = XCBuildConfiguration;
			buildSettings = {
				ASSETCATALOG_COMPILER_APPICON_NAME = AppIcon;
				ASSETCATALOG_COMPILER_GLOBAL_ACCENT_COLOR_NAME = AccentColor;
				CODE_SIGN_STYLE = Automatic;
				CURRENT_PROJECT_VERSION = 1;
				DEVELOPMENT_ASSET_PATHS = "\"testRealmDB/Preview Content\"";
				DEVELOPMENT_TEAM = 3YQX667AM4;
				ENABLE_PREVIEWS = YES;
				GENERATE_INFOPLIST_FILE = YES;
				INFOPLIST_KEY_UIApplicationSceneManifest_Generation = YES;
				INFOPLIST_KEY_UIApplicationSupportsIndirectInputEvents = YES;
				INFOPLIST_KEY_UILaunchScreen_Generation = YES;
				INFOPLIST_KEY_UISupportedInterfaceOrientations_iPad = "UIInterfaceOrientationPortrait UIInterfaceOrientationPortraitUpsideDown UIInterfaceOrientationLandscapeLeft UIInterfaceOrientationLandscapeRight";
				INFOPLIST_KEY_UISupportedInterfaceOrientations_iPhone = "UIInterfaceOrientationPortrait UIInterfaceOrientationLandscapeLeft UIInterfaceOrientationLandscapeRight";
				LD_RUNPATH_SEARCH_PATHS = (
					"$(inherited)",
					"@executable_path/Frameworks",
				);
				MARKETING_VERSION = 1.0;
				PRODUCT_BUNDLE_IDENTIFIER = com.musictheater.testRealmDB;
				PRODUCT_NAME = "$(TARGET_NAME)";
				SWIFT_EMIT_LOC_STRINGS = YES;
				SWIFT_VERSION = 5.0;
				TARGETED_DEVICE_FAMILY = "1,2";
			};
			name = Debug;
		};
		232713B12A602FFA00B13553 /* Release */ = {
			isa = XCBuildConfiguration;
			buildSettings = {
				ASSETCATALOG_COMPILER_APPICON_NAME = AppIcon;
				ASSETCATALOG_COMPILER_GLOBAL_ACCENT_COLOR_NAME = AccentColor;
				CODE_SIGN_STYLE = Automatic;
				CURRENT_PROJECT_VERSION = 1;
				DEVELOPMENT_ASSET_PATHS = "\"testRealmDB/Preview Content\"";
				DEVELOPMENT_TEAM = 3YQX667AM4;
				ENABLE_PREVIEWS = YES;
				GENERATE_INFOPLIST_FILE = YES;
				INFOPLIST_KEY_UIApplicationSceneManifest_Generation = YES;
				INFOPLIST_KEY_UIApplicationSupportsIndirectInputEvents = YES;
				INFOPLIST_KEY_UILaunchScreen_Generation = YES;
				INFOPLIST_KEY_UISupportedInterfaceOrientations_iPad = "UIInterfaceOrientationPortrait UIInterfaceOrientationPortraitUpsideDown UIInterfaceOrientationLandscapeLeft UIInterfaceOrientationLandscapeRight";
				INFOPLIST_KEY_UISupportedInterfaceOrientations_iPhone = "UIInterfaceOrientationPortrait UIInterfaceOrientationLandscapeLeft UIInterfaceOrientationLandscapeRight";
				LD_RUNPATH_SEARCH_PATHS = (
					"$(inherited)",
					"@executable_path/Frameworks",
				);
				MARKETING_VERSION = 1.0;
				PRODUCT_BUNDLE_IDENTIFIER = com.musictheater.testRealmDB;
				PRODUCT_NAME = "$(TARGET_NAME)";
				SWIFT_EMIT_LOC_STRINGS = YES;
				SWIFT_VERSION = 5.0;
				TARGETED_DEVICE_FAMILY = "1,2";
			};
			name = Release;
		};
		232713B32A602FFA00B13553 /* Debug */ = {
			isa = XCBuildConfiguration;
			buildSettings = {
				ALWAYS_EMBED_SWIFT_STANDARD_LIBRARIES = YES;
				BUNDLE_LOADER = "$(TEST_HOST)";
				CODE_SIGN_STYLE = Automatic;
				CURRENT_PROJECT_VERSION = 1;
				DEVELOPMENT_TEAM = 3YQX667AM4;
				GENERATE_INFOPLIST_FILE = YES;
				IPHONEOS_DEPLOYMENT_TARGET = 16.4;
				MARKETING_VERSION = 1.0;
				PRODUCT_BUNDLE_IDENTIFIER = com.musictheater.testRealmDBTests;
				PRODUCT_NAME = "$(TARGET_NAME)";
				SWIFT_EMIT_LOC_STRINGS = NO;
				SWIFT_VERSION = 5.0;
				TARGETED_DEVICE_FAMILY = "1,2";
				TEST_HOST = "$(BUILT_PRODUCTS_DIR)/testRealmDB.app/$(BUNDLE_EXECUTABLE_FOLDER_PATH)/testRealmDB";
			};
			name = Debug;
		};
		232713B42A602FFA00B13553 /* Release */ = {
			isa = XCBuildConfiguration;
			buildSettings = {
				ALWAYS_EMBED_SWIFT_STANDARD_LIBRARIES = YES;
				BUNDLE_LOADER = "$(TEST_HOST)";
				CODE_SIGN_STYLE = Automatic;
				CURRENT_PROJECT_VERSION = 1;
				DEVELOPMENT_TEAM = 3YQX667AM4;
				GENERATE_INFOPLIST_FILE = YES;
				IPHONEOS_DEPLOYMENT_TARGET = 16.4;
				MARKETING_VERSION = 1.0;
				PRODUCT_BUNDLE_IDENTIFIER = com.musictheater.testRealmDBTests;
				PRODUCT_NAME = "$(TARGET_NAME)";
				SWIFT_EMIT_LOC_STRINGS = NO;
				SWIFT_VERSION = 5.0;
				TARGETED_DEVICE_FAMILY = "1,2";
				TEST_HOST = "$(BUILT_PRODUCTS_DIR)/testRealmDB.app/$(BUNDLE_EXECUTABLE_FOLDER_PATH)/testRealmDB";
			};
			name = Release;
		};
		232713B62A602FFA00B13553 /* Debug */ = {
			isa = XCBuildConfiguration;
			buildSettings = {
				ALWAYS_EMBED_SWIFT_STANDARD_LIBRARIES = YES;
				CODE_SIGN_STYLE = Automatic;
				CURRENT_PROJECT_VERSION = 1;
				DEVELOPMENT_TEAM = 3YQX667AM4;
				GENERATE_INFOPLIST_FILE = YES;
				MARKETING_VERSION = 1.0;
				PRODUCT_BUNDLE_IDENTIFIER = com.musictheater.testRealmDBUITests;
				PRODUCT_NAME = "$(TARGET_NAME)";
				SWIFT_EMIT_LOC_STRINGS = NO;
				SWIFT_VERSION = 5.0;
				TARGETED_DEVICE_FAMILY = "1,2";
				TEST_TARGET_NAME = testRealmDB;
			};
			name = Debug;
		};
		232713B72A602FFA00B13553 /* Release */ = {
			isa = XCBuildConfiguration;
			buildSettings = {
				ALWAYS_EMBED_SWIFT_STANDARD_LIBRARIES = YES;
				CODE_SIGN_STYLE = Automatic;
				CURRENT_PROJECT_VERSION = 1;
				DEVELOPMENT_TEAM = 3YQX667AM4;
				GENERATE_INFOPLIST_FILE = YES;
				MARKETING_VERSION = 1.0;
				PRODUCT_BUNDLE_IDENTIFIER = com.musictheater.testRealmDBUITests;
				PRODUCT_NAME = "$(TARGET_NAME)";
				SWIFT_EMIT_LOC_STRINGS = NO;
				SWIFT_VERSION = 5.0;
				TARGETED_DEVICE_FAMILY = "1,2";
				TEST_TARGET_NAME = testRealmDB;
			};
			name = Release;
		};
/* End XCBuildConfiguration section */

/* Begin XCConfigurationList section */
		232713862A602FF800B13553 /* Build configuration list for PBXProject "testRealmDB" */ = {
			isa = XCConfigurationList;
			buildConfigurations = (
				232713AD2A602FFA00B13553 /* Debug */,
				232713AE2A602FFA00B13553 /* Release */,
			);
			defaultConfigurationIsVisible = 0;
			defaultConfigurationName = Release;
		};
		232713AF2A602FFA00B13553 /* Build configuration list for PBXNativeTarget "testRealmDB" */ = {
			isa = XCConfigurationList;
			buildConfigurations = (
				232713B02A602FFA00B13553 /* Debug */,
				232713B12A602FFA00B13553 /* Release */,
			);
			defaultConfigurationIsVisible = 0;
			defaultConfigurationName = Release;
		};
		232713B22A602FFA00B13553 /* Build configuration list for PBXNativeTarget "testRealmDBTests" */ = {
			isa = XCConfigurationList;
			buildConfigurations = (
				232713B32A602FFA00B13553 /* Debug */,
				232713B42A602FFA00B13553 /* Release */,
			);
			defaultConfigurationIsVisible = 0;
			defaultConfigurationName = Release;
		};
		232713B52A602FFA00B13553 /* Build configuration list for PBXNativeTarget "testRealmDBUITests" */ = {
			isa = XCConfigurationList;
			buildConfigurations = (
				232713B62A602FFA00B13553 /* Debug */,
				232713B72A602FFA00B13553 /* Release */,
			);
			defaultConfigurationIsVisible = 0;
			defaultConfigurationName = Release;
		};
/* End XCConfigurationList section */
	};
	rootObject = 232713832A602FF800B13553 /* Project object */;
}
